<?xml version="1.0" encoding="utf-8"?>
<Project ToolsVersion="4.0" xmlns="http://schemas.microsoft.com/developer/msbuild/2003">
  <ItemGroup>
    <Filter Include="render">
      <UniqueIdentifier>{39669bd2-a9e4-4857-b523-3a33933d2719}</UniqueIdentifier>
    </Filter>
    <Filter Include="data">
      <UniqueIdentifier>{a4b2f308-3e75-42aa-a3b7-ed1395752095}</UniqueIdentifier>
    </Filter>
    <Filter Include="data\bb">
      <UniqueIdentifier>{2e1e82ca-e9ef-4db3-94c4-9cebb2a1eacf}</UniqueIdentifier>
    </Filter>
    <Filter Include="data\camera">
      <UniqueIdentifier>{001a8710-7ed5-43d2-80c2-6367986cfc77}</UniqueIdentifier>
    </Filter>
    <Filter Include="ctx">
      <UniqueIdentifier>{3269d8fd-8c20-4ec5-bd27-479b9e3978ab}</UniqueIdentifier>
    </Filter>
    <Filter Include="render\shader">
      <UniqueIdentifier>{29ead7e4-7bae-493c-a609-22ab0561b25f}</UniqueIdentifier>
    </Filter>
    <Filter Include="data\material">
      <UniqueIdentifier>{5e9069d3-947c-46c7-945a-1f3775e1a898}</UniqueIdentifier>
    </Filter>
    <Filter Include="data\shader">
      <UniqueIdentifier>{6333dd07-dfed-45c7-9398-c6147ce87b58}</UniqueIdentifier>
    </Filter>
  </ItemGroup>
  <ItemGroup>
    <ClCompile Include="..\..\..\source\Viewport.cpp">
      <Filter>data\camera</Filter>
    </ClCompile>
    <ClCompile Include="..\..\..\source\WindowContext.cpp">
      <Filter>ctx</Filter>
    </ClCompile>
    <ClCompile Include="..\..\..\source\Blackboard.cpp">
      <Filter>ctx</Filter>
    </ClCompile>
    <ClCompile Include="..\..\..\source\EffectsManager.cpp">
      <Filter>render</Filter>
    </ClCompile>
    <ClCompile Include="..\..\..\source\ViewFrustum.cpp">
      <Filter>data\camera</Filter>
    </ClCompile>
    <ClCompile Include="..\..\..\source\PerspCam.cpp">
      <Filter>data\camera</Filter>
    </ClCompile>
    <ClCompile Include="..\..\..\source\OrthoCam.cpp">
      <Filter>data\camera</Filter>
    </ClCompile>
    <ClCompile Include="..\..\..\source\RenderSystem.cpp">
      <Filter>render</Filter>
    </ClCompile>
    <ClCompile Include="..\..\..\source\MaterialRenderer.cpp">
      <Filter>render</Filter>
    </ClCompile>
    <ClCompile Include="..\..\..\source\Shader.cpp">
      <Filter>data\shader</Filter>
    </ClCompile>
  </ItemGroup>
  <ItemGroup>
    <ClInclude Include="..\..\..\include\painting3\AABB.h">
      <Filter>data\bb</Filter>
    </ClInclude>
    <ClInclude Include="..\..\..\include\painting3\Viewport.h">
      <Filter>data\camera</Filter>
    </ClInclude>
    <ClInclude Include="..\..\..\include\painting3\WindowContext.h">
      <Filter>ctx</Filter>
    </ClInclude>
    <ClInclude Include="..\..\..\include\painting3\Blackboard.h">
      <Filter>ctx</Filter>
    </ClInclude>
    <ClInclude Include="..\..\..\include\painting3\EffectsManager.h">
      <Filter>render</Filter>
    </ClInclude>
    <ClInclude Include="..\..\..\include\painting3\ViewFrustum.h">
      <Filter>data\camera</Filter>
    </ClInclude>
    <ClInclude Include="..\..\..\include\painting3\PerspCam.h">
      <Filter>data\camera</Filter>
    </ClInclude>
    <ClInclude Include="..\..\..\include\painting3\OrthoCam.h">
      <Filter>data\camera</Filter>
    </ClInclude>
    <ClInclude Include="..\..\..\include\painting3\Material.h">
      <Filter>data\material</Filter>
    </ClInclude>
    <ClInclude Include="..\..\..\include\painting3\RenderSystem.h">
      <Filter>render</Filter>
    </ClInclude>
    <ClInclude Include="..\..\..\include\painting3\MaterialRenderer.h">
      <Filter>render</Filter>
    </ClInclude>
    <ClInclude Include="..\..\..\include\painting3\Shader.h">
      <Filter>data\shader</Filter>
    </ClInclude>
  </ItemGroup>
  <ItemGroup>
    <None Include="..\..\..\include\painting3\AABB.inl">
      <Filter>data\bb</Filter>
    </None>
    <None Include="..\..\..\include\painting3\skinned.glsl">
      <Filter>render\shader</Filter>
    </None>
    <None Include="..\..\..\include\painting3\default.glsl">
      <Filter>render\shader</Filter>
    </None>
    <None Include="..\..\..\include\painting3\morph.glsl">
      <Filter>render\shader</Filter>
    </None>
    <None Include="..\..\..\include\painting3\bsp.glsl">
      <Filter>render\shader</Filter>
    </None>
  </ItemGroup>
</Project>